// !$*UTF8*$!
{
	archiveVersion = 1;
	classes = {
	};
	objectVersion = 56;
	objects = {

/* Begin PBXBuildFile section */
		4B25B1ED2BEE1AF800AAB866 /* WebRTC in Frameworks */ = {isa = PBXBuildFile; productRef = 4B25B1EC2BEE1AF800AAB866 /* WebRTC */; };
		4B7C65B62C3820BC00429124 /* WolfsslModule.m in Sources */ = {isa = PBXBuildFile; fileRef = 4B7C65B52C3820BC00429124 /* WolfsslModule.m */; };
		4BA72F922C36AB9000CCBE12 /* SharedSecret.m in Sources */ = {isa = PBXBuildFile; fileRef = 4BA72F912C36AB9000CCBE12 /* SharedSecret.m */; };
		4BA72F972C36AF6A00CCBE12 /* liboqs.a in Frameworks */ = {isa = PBXBuildFile; fileRef = 4BA72F962C36AF6A00CCBE12 /* liboqs.a */; };
		4BA72F992C36AF8500CCBE12 /* liboqs.a in Frameworks */ = {isa = PBXBuildFile; fileRef = 4BA72F982C36AF8500CCBE12 /* liboqs.a */; };
		4BA72F9B2C36AF9600CCBE12 /* libwolfssl.a in Frameworks */ = {isa = PBXBuildFile; fileRef = 4BA72F9A2C36AF9600CCBE12 /* libwolfssl.a */; };
		4BA72F9D2C36AFA800CCBE12 /* libwolfssl.a in Frameworks */ = {isa = PBXBuildFile; fileRef = 4BA72F9C2C36AFA800CCBE12 /* libwolfssl.a */; };
		4BA72FAB2C3726D800CCBE12 /* SwiftEncryptionWrapper.swift in Sources */ = {isa = PBXBuildFile; fileRef = 4BA72FAA2C3726D800CCBE12 /* SwiftEncryptionWrapper.swift */; };
		4BBB6F182C14A1F100C72863 /* GoogleService-Info.plist in Resources */ = {isa = PBXBuildFile; fileRef = 4BBB6F172C14A1F100C72863 /* GoogleService-Info.plist */; };
		4BBB6F1D2C14A94200C72863 /* FirebaseInstallations in Frameworks */ = {isa = PBXBuildFile; productRef = 4BBB6F1C2C14A94200C72863 /* FirebaseInstallations */; };
		4BBB6F1F2C14A94200C72863 /* FirebaseMessaging in Frameworks */ = {isa = PBXBuildFile; productRef = 4BBB6F1E2C14A94200C72863 /* FirebaseMessaging */; };
		A93A953B29CC810C00F8E227 /* iosApp.swift in Sources */ = {isa = PBXBuildFile; fileRef = A93A953A29CC810C00F8E227 /* iosApp.swift */; };
		A93A953F29CC810D00F8E227 /* Assets.xcassets in Resources */ = {isa = PBXBuildFile; fileRef = A93A953E29CC810D00F8E227 /* Assets.xcassets */; };
		A93A954229CC810D00F8E227 /* Preview Assets.xcassets in Resources */ = {isa = PBXBuildFile; fileRef = A93A954129CC810D00F8E227 /* Preview Assets.xcassets */; };
/* End PBXBuildFile section */

/* Begin PBXFileReference section */
		4B25B1E52BEDA00A00AAB866 /* Info.plist */ = {isa = PBXFileReference; lastKnownFileType = text.plist; path = Info.plist; sourceTree = "<group>"; };
		4B25B1E72BEDA1A600AAB866 /* Specs */ = {isa = PBXFileReference; lastKnownFileType = wrapper; name = Specs; path = "../../../Library/Developer/Xcode/DerivedData/iosApp-aqpjntnwydssvpbfaxdymfedbggc/SourcePackages/checkouts/Specs"; sourceTree = "<group>"; };
		4B7C65B52C3820BC00429124 /* WolfsslModule.m */ = {isa = PBXFileReference; lastKnownFileType = sourcecode.c.objc; name = WolfsslModule.m; path = iosApp/cipherFuncs/WolfsslModule.m; sourceTree = "<group>"; };
		4B7C65B72C3820E600429124 /* WolfsslModule.h */ = {isa = PBXFileReference; lastKnownFileType = sourcecode.c.h; name = WolfsslModule.h; path = iosApp/cipherFuncs/WolfsslModule.h; sourceTree = "<group>"; };
		4BA72F902C36AB9000CCBE12 /* iosApp-Bridging-Header.h */ = {isa = PBXFileReference; lastKnownFileType = sourcecode.c.h; path = "iosApp-Bridging-Header.h"; sourceTree = "<group>"; };
		4BA72F912C36AB9000CCBE12 /* SharedSecret.m */ = {isa = PBXFileReference; lastKnownFileType = sourcecode.c.objc; name = SharedSecret.m; path = iosApp/cipherFuncs/SharedSecret.m; sourceTree = "<group>"; };
		4BA72F932C36ABF300CCBE12 /* SharedSecret.h */ = {isa = PBXFileReference; lastKnownFileType = sourcecode.c.h; name = SharedSecret.h; path = iosApp/cipherFuncs/SharedSecret.h; sourceTree = "<group>"; };
		4BA72F942C36AF5000CCBE12 /* liboqs */ = {isa = PBXFileReference; lastKnownFileType = folder; name = liboqs; path = ../composeApp/libs/liboqs; sourceTree = "<group>"; };
		4BA72F962C36AF6A00CCBE12 /* liboqs.a */ = {isa = PBXFileReference; lastKnownFileType = archive.ar; name = liboqs.a; path = ../composeApp/libs/liboqs/libs/ios/degub/liboqs.a; sourceTree = "<group>"; };
		4BA72F982C36AF8500CCBE12 /* liboqs.a */ = {isa = PBXFileReference; lastKnownFileType = archive.ar; name = liboqs.a; path = ../composeApp/libs/liboqs/libs/ios/release/liboqs.a; sourceTree = "<group>"; };
		4BA72F9A2C36AF9600CCBE12 /* libwolfssl.a */ = {isa = PBXFileReference; lastKnownFileType = archive.ar; name = libwolfssl.a; path = ../composeApp/libs/wolfssl/libs/ios/debug/libwolfssl.a; sourceTree = "<group>"; };
		4BA72F9C2C36AFA800CCBE12 /* libwolfssl.a */ = {isa = PBXFileReference; lastKnownFileType = archive.ar; name = libwolfssl.a; path = ../composeApp/libs/wolfssl/libs/ios/release/libwolfssl.a; sourceTree = "<group>"; };
		4BA72FAA2C3726D800CCBE12 /* SwiftEncryptionWrapper.swift */ = {isa = PBXFileReference; lastKnownFileType = sourcecode.swift; name = SwiftEncryptionWrapper.swift; path = iosApp/cipherFuncs/SwiftEncryptionWrapper.swift; sourceTree = "<group>"; };
		4BBB6F172C14A1F100C72863 /* GoogleService-Info.plist */ = {isa = PBXFileReference; fileEncoding = 4; lastKnownFileType = text.plist.xml; path = "GoogleService-Info.plist"; sourceTree = "<group>"; };
		4BBB6F202C14ACB800C72863 /* iosApp.entitlements */ = {isa = PBXFileReference; lastKnownFileType = text.plist.entitlements; path = iosApp.entitlements; sourceTree = "<group>"; };
		A93A953729CC810C00F8E227 /* shopot.app */ = {isa = PBXFileReference; explicitFileType = wrapper.application; includeInIndex = 0; path = shopot.app; sourceTree = BUILT_PRODUCTS_DIR; };
		A93A953A29CC810C00F8E227 /* iosApp.swift */ = {isa = PBXFileReference; lastKnownFileType = sourcecode.swift; path = iosApp.swift; sourceTree = "<group>"; };
		A93A953E29CC810D00F8E227 /* Assets.xcassets */ = {isa = PBXFileReference; lastKnownFileType = folder.assetcatalog; path = Assets.xcassets; sourceTree = "<group>"; };
		A93A954129CC810D00F8E227 /* Preview Assets.xcassets */ = {isa = PBXFileReference; lastKnownFileType = folder.assetcatalog; path = "Preview Assets.xcassets"; sourceTree = "<group>"; };
/* End PBXFileReference section */

/* Begin PBXFrameworksBuildPhase section */
		A93A953429CC810C00F8E227 /* Frameworks */ = {
			isa = PBXFrameworksBuildPhase;
			buildActionMask = 2147483647;
			files = (
				4BA72F9D2C36AFA800CCBE12 /* libwolfssl.a in Frameworks */,
				4BA72F9B2C36AF9600CCBE12 /* libwolfssl.a in Frameworks */,
				4BA72F992C36AF8500CCBE12 /* liboqs.a in Frameworks */,
				4BA72F972C36AF6A00CCBE12 /* liboqs.a in Frameworks */,
				4BBB6F1F2C14A94200C72863 /* FirebaseMessaging in Frameworks */,
				4BBB6F1D2C14A94200C72863 /* FirebaseInstallations in Frameworks */,
				4B25B1ED2BEE1AF800AAB866 /* WebRTC in Frameworks */,
			);
			runOnlyForDeploymentPostprocessing = 0;
		};
/* End PBXFrameworksBuildPhase section */

/* Begin PBXGroup section */
		4B25B1E62BEDA02800AAB866 /* Frameworks */ = {
			isa = PBXGroup;
			children = (
				4BA72F9A2C36AF9600CCBE12 /* libwolfssl.a */,
				4BA72F9C2C36AFA800CCBE12 /* libwolfssl.a */,
				4BA72F962C36AF6A00CCBE12 /* liboqs.a */,
				4BA72F982C36AF8500CCBE12 /* liboqs.a */,
				4BA72F942C36AF5000CCBE12 /* liboqs */,
				4B25B1E72BEDA1A600AAB866 /* Specs */,
			);
			name = Frameworks;
			sourceTree = "<group>";
		};
		A93A952E29CC810C00F8E227 = {
			isa = PBXGroup;
			children = (
				4B7C65B72C3820E600429124 /* WolfsslModule.h */,
				4B7C65B52C3820BC00429124 /* WolfsslModule.m */,
				4BA72FAA2C3726D800CCBE12 /* SwiftEncryptionWrapper.swift */,
				4BA72F932C36ABF300CCBE12 /* SharedSecret.h */,
				4BA72F912C36AB9000CCBE12 /* SharedSecret.m */,
				A93A953929CC810C00F8E227 /* iosApp */,
				A93A953829CC810C00F8E227 /* Products */,
				4B25B1E62BEDA02800AAB866 /* Frameworks */,
				4BA72F902C36AB9000CCBE12 /* iosApp-Bridging-Header.h */,
			);
			sourceTree = "<group>";
		};
		A93A953829CC810C00F8E227 /* Products */ = {
			isa = PBXGroup;
			children = (
				A93A953729CC810C00F8E227 /* shopot.app */,
			);
			name = Products;
			sourceTree = "<group>";
		};
		A93A953929CC810C00F8E227 /* iosApp */ = {
			isa = PBXGroup;
			children = (
				4BBB6F202C14ACB800C72863 /* iosApp.entitlements */,
				4BBB6F172C14A1F100C72863 /* GoogleService-Info.plist */,
				4B25B1E52BEDA00A00AAB866 /* Info.plist */,
				A93A953A29CC810C00F8E227 /* iosApp.swift */,
				A93A953E29CC810D00F8E227 /* Assets.xcassets */,
				A93A954029CC810D00F8E227 /* Preview Content */,
			);
			path = iosApp;
			sourceTree = "<group>";
		};
		A93A954029CC810D00F8E227 /* Preview Content */ = {
			isa = PBXGroup;
			children = (
				A93A954129CC810D00F8E227 /* Preview Assets.xcassets */,
			);
			path = "Preview Content";
			sourceTree = "<group>";
		};
/* End PBXGroup section */

/* Begin PBXNativeTarget section */
		A93A953629CC810C00F8E227 /* iosApp */ = {
			isa = PBXNativeTarget;
			buildConfigurationList = A93A954529CC810D00F8E227 /* Build configuration list for PBXNativeTarget "iosApp" */;
			buildPhases = (
				A9D80A052AAB5CDE006C8738 /* ShellScript */,
				A93A953329CC810C00F8E227 /* Sources */,
				A93A953429CC810C00F8E227 /* Frameworks */,
				A93A953529CC810C00F8E227 /* Resources */,
				4BD06D532C5BBCC8004D48A5 /* ShellScript */,
			);
			buildRules = (
			);
			dependencies = (
			);
			name = iosApp;
			packageProductDependencies = (
				4B25B1EC2BEE1AF800AAB866 /* WebRTC */,
				4BBB6F1C2C14A94200C72863 /* FirebaseInstallations */,
				4BBB6F1E2C14A94200C72863 /* FirebaseMessaging */,
			);
			productName = iosApp;
			productReference = A93A953729CC810C00F8E227 /* shopot.app */;
			productType = "com.apple.product-type.application";
		};
/* End PBXNativeTarget section */

/* Begin PBXProject section */
		A93A952F29CC810C00F8E227 /* Project object */ = {
			isa = PBXProject;
			attributes = {
				LastSwiftUpdateCheck = 1420;
				LastUpgradeCheck = 1420;
				TargetAttributes = {
					A93A953629CC810C00F8E227 = {
						CreatedOnToolsVersion = 14.2;
						LastSwiftMigration = 1500;
					};
				};
			};
			buildConfigurationList = A93A953229CC810C00F8E227 /* Build configuration list for PBXProject "iosApp" */;
			compatibilityVersion = "Xcode 14.0";
			developmentRegion = en;
			hasScannedForEncodings = 0;
			knownRegions = (
				en,
				Base,
			);
			mainGroup = A93A952E29CC810C00F8E227;
			packageReferences = (
				4B25B1EB2BEE1AF800AAB866 /* XCRemoteSwiftPackageReference "Specs" */,
				4BBB6F192C14A5CF00C72863 /* XCRemoteSwiftPackageReference "firebase-ios-sdk" */,
			);
			productRefGroup = A93A953829CC810C00F8E227 /* Products */;
			projectDirPath = "";
			projectRoot = "";
			targets = (
				A93A953629CC810C00F8E227 /* iosApp */,
			);
		};
/* End PBXProject section */

/* Begin PBXResourcesBuildPhase section */
		A93A953529CC810C00F8E227 /* Resources */ = {
			isa = PBXResourcesBuildPhase;
			buildActionMask = 2147483647;
			files = (
				A93A954229CC810D00F8E227 /* Preview Assets.xcassets in Resources */,
				A93A953F29CC810D00F8E227 /* Assets.xcassets in Resources */,
				4BBB6F182C14A1F100C72863 /* GoogleService-Info.plist in Resources */,
			);
			runOnlyForDeploymentPostprocessing = 0;
		};
/* End PBXResourcesBuildPhase section */

/* Begin PBXShellScriptBuildPhase section */
		4BD06D532C5BBCC8004D48A5 /* ShellScript */ = {
			isa = PBXShellScriptBuildPhase;
			buildActionMask = 2147483647;
			files = (
			);
			inputFileListPaths = (
			);
			inputPaths = (
			);
			outputFileListPaths = (
			);
			outputPaths = (
			);
			runOnlyForDeploymentPostprocessing = 0;
			shellPath = /bin/sh;
			shellScript = "\"$SRCROOT/../gradlew\" -p \"$SRCROOT/../\" :composeApp:copyFrameworkResourcesToApp \\\n    -Pmoko.resources.PLATFORM_NAME=\"$PLATFORM_NAME\" \\\n    -Pmoko.resources.CONFIGURATION=\"$CONFIGURATION\" \\\n    -Pmoko.resources.ARCHS=\"$ARCHS\" \\\n    -Pmoko.resources.BUILT_PRODUCTS_DIR=\"$BUILT_PRODUCTS_DIR\" \\\n    -Pmoko.resources.CONTENTS_FOLDER_PATH=\"$CONTENTS_FOLDER_PATH\" \n\n";
		};
		A9D80A052AAB5CDE006C8738 /* ShellScript */ = {
			isa = PBXShellScriptBuildPhase;
			buildActionMask = 2147483647;
			files = (
			);
			inputFileListPaths = (
			);
			inputPaths = (
			);
			outputFileListPaths = (
			);
			outputPaths = (
			);
			runOnlyForDeploymentPostprocessing = 0;
			shellPath = /bin/sh;
			shellScript = "cd \"$SRCROOT/..\"\n./gradlew :composeApp:embedAndSignAppleFrameworkForXcode\n";
		};
/* End PBXShellScriptBuildPhase section */

/* Begin PBXSourcesBuildPhase section */
		A93A953329CC810C00F8E227 /* Sources */ = {
			isa = PBXSourcesBuildPhase;
			buildActionMask = 2147483647;
			files = (
				4BA72F922C36AB9000CCBE12 /* SharedSecret.m in Sources */,
				4BA72FAB2C3726D800CCBE12 /* SwiftEncryptionWrapper.swift in Sources */,
				4B7C65B62C3820BC00429124 /* WolfsslModule.m in Sources */,
				A93A953B29CC810C00F8E227 /* iosApp.swift in Sources */,
			);
			runOnlyForDeploymentPostprocessing = 0;
		};
/* End PBXSourcesBuildPhase section */

/* Begin XCBuildConfiguration section */
		A93A954329CC810D00F8E227 /* Debug */ = {
			isa = XCBuildConfiguration;
			buildSettings = {
				ALWAYS_SEARCH_USER_PATHS = NO;
				CLANG_ANALYZER_NONNULL = YES;
				CLANG_ANALYZER_NUMBER_OBJECT_CONVERSION = YES_AGGRESSIVE;
				CLANG_CXX_LANGUAGE_STANDARD = "gnu++20";
				CLANG_ENABLE_MODULES = YES;
				CLANG_ENABLE_OBJC_ARC = YES;
				CLANG_ENABLE_OBJC_WEAK = YES;
				CLANG_WARN_BLOCK_CAPTURE_AUTORELEASING = YES;
				CLANG_WARN_BOOL_CONVERSION = YES;
				CLANG_WARN_COMMA = YES;
				CLANG_WARN_CONSTANT_CONVERSION = YES;
				CLANG_WARN_DEPRECATED_OBJC_IMPLEMENTATIONS = YES;
				CLANG_WARN_DIRECT_OBJC_ISA_USAGE = YES_ERROR;
				CLANG_WARN_DOCUMENTATION_COMMENTS = YES;
				CLANG_WARN_EMPTY_BODY = YES;
				CLANG_WARN_ENUM_CONVERSION = YES;
				CLANG_WARN_INFINITE_RECURSION = YES;
				CLANG_WARN_INT_CONVERSION = YES;
				CLANG_WARN_NON_LITERAL_NULL_CONVERSION = YES;
				CLANG_WARN_OBJC_IMPLICIT_RETAIN_SELF = YES;
				CLANG_WARN_OBJC_LITERAL_CONVERSION = YES;
				CLANG_WARN_OBJC_ROOT_CLASS = YES_ERROR;
				CLANG_WARN_QUOTED_INCLUDE_IN_FRAMEWORK_HEADER = YES;
				CLANG_WARN_RANGE_LOOP_ANALYSIS = YES;
				CLANG_WARN_STRICT_PROTOTYPES = YES;
				CLANG_WARN_SUSPICIOUS_MOVE = YES;
				CLANG_WARN_UNGUARDED_AVAILABILITY = YES_AGGRESSIVE;
				CLANG_WARN_UNREACHABLE_CODE = YES;
				CLANG_WARN__DUPLICATE_METHOD_MATCH = YES;
				COPY_PHASE_STRIP = NO;
				DEBUG_INFORMATION_FORMAT = dwarf;
				ENABLE_STRICT_OBJC_MSGSEND = YES;
				ENABLE_TESTABILITY = YES;
				GCC_C_LANGUAGE_STANDARD = gnu11;
				GCC_DYNAMIC_NO_PIC = NO;
				GCC_NO_COMMON_BLOCKS = YES;
				GCC_OPTIMIZATION_LEVEL = 0;
				GCC_PREPROCESSOR_DEFINITIONS = (
					"DEBUG=1",
					"$(inherited)",
				);
				GCC_WARN_64_TO_32_BIT_CONVERSION = YES;
				GCC_WARN_ABOUT_RETURN_TYPE = YES_ERROR;
				GCC_WARN_UNDECLARED_SELECTOR = YES;
				GCC_WARN_UNINITIALIZED_AUTOS = YES_AGGRESSIVE;
				GCC_WARN_UNUSED_FUNCTION = YES;
				GCC_WARN_UNUSED_VARIABLE = YES;
				IPHONEOS_DEPLOYMENT_TARGET = 16.2;
				MTL_ENABLE_DEBUG_INFO = INCLUDE_SOURCE;
				MTL_FAST_MATH = YES;
				ONLY_ACTIVE_ARCH = YES;
				SDKROOT = iphoneos;
				SWIFT_ACTIVE_COMPILATION_CONDITIONS = DEBUG;
				SWIFT_OPTIMIZATION_LEVEL = "-Onone";
			};
			name = Debug;
		};
		A93A954429CC810D00F8E227 /* Release */ = {
			isa = XCBuildConfiguration;
			buildSettings = {
				ALWAYS_SEARCH_USER_PATHS = NO;
				CLANG_ANALYZER_NONNULL = YES;
				CLANG_ANALYZER_NUMBER_OBJECT_CONVERSION = YES_AGGRESSIVE;
				CLANG_CXX_LANGUAGE_STANDARD = "gnu++20";
				CLANG_ENABLE_MODULES = YES;
				CLANG_ENABLE_OBJC_ARC = YES;
				CLANG_ENABLE_OBJC_WEAK = YES;
				CLANG_WARN_BLOCK_CAPTURE_AUTORELEASING = YES;
				CLANG_WARN_BOOL_CONVERSION = YES;
				CLANG_WARN_COMMA = YES;
				CLANG_WARN_CONSTANT_CONVERSION = YES;
				CLANG_WARN_DEPRECATED_OBJC_IMPLEMENTATIONS = YES;
				CLANG_WARN_DIRECT_OBJC_ISA_USAGE = YES_ERROR;
				CLANG_WARN_DOCUMENTATION_COMMENTS = YES;
				CLANG_WARN_EMPTY_BODY = YES;
				CLANG_WARN_ENUM_CONVERSION = YES;
				CLANG_WARN_INFINITE_RECURSION = YES;
				CLANG_WARN_INT_CONVERSION = YES;
				CLANG_WARN_NON_LITERAL_NULL_CONVERSION = YES;
				CLANG_WARN_OBJC_IMPLICIT_RETAIN_SELF = YES;
				CLANG_WARN_OBJC_LITERAL_CONVERSION = YES;
				CLANG_WARN_OBJC_ROOT_CLASS = YES_ERROR;
				CLANG_WARN_QUOTED_INCLUDE_IN_FRAMEWORK_HEADER = YES;
				CLANG_WARN_RANGE_LOOP_ANALYSIS = YES;
				CLANG_WARN_STRICT_PROTOTYPES = YES;
				CLANG_WARN_SUSPICIOUS_MOVE = YES;
				CLANG_WARN_UNGUARDED_AVAILABILITY = YES_AGGRESSIVE;
				CLANG_WARN_UNREACHABLE_CODE = YES;
				CLANG_WARN__DUPLICATE_METHOD_MATCH = YES;
				COPY_PHASE_STRIP = NO;
				DEBUG_INFORMATION_FORMAT = "dwarf-with-dsym";
				ENABLE_NS_ASSERTIONS = NO;
				ENABLE_STRICT_OBJC_MSGSEND = YES;
				GCC_C_LANGUAGE_STANDARD = gnu11;
				GCC_NO_COMMON_BLOCKS = YES;
				GCC_WARN_64_TO_32_BIT_CONVERSION = YES;
				GCC_WARN_ABOUT_RETURN_TYPE = YES_ERROR;
				GCC_WARN_UNDECLARED_SELECTOR = YES;
				GCC_WARN_UNINITIALIZED_AUTOS = YES_AGGRESSIVE;
				GCC_WARN_UNUSED_FUNCTION = YES;
				GCC_WARN_UNUSED_VARIABLE = YES;
				IPHONEOS_DEPLOYMENT_TARGET = 16.2;
				MTL_ENABLE_DEBUG_INFO = NO;
				MTL_FAST_MATH = YES;
				SDKROOT = iphoneos;
				SWIFT_COMPILATION_MODE = wholemodule;
				SWIFT_OPTIMIZATION_LEVEL = "-O";
				VALIDATE_PRODUCT = YES;
			};
			name = Release;
		};
		A93A954629CC810D00F8E227 /* Debug */ = {
			isa = XCBuildConfiguration;
			buildSettings = {
				ASSETCATALOG_COMPILER_APPICON_NAME = AppIcon;
				ASSETCATALOG_COMPILER_GLOBAL_ACCENT_COLOR_NAME = AccentColor;
				ASSETCATALOG_COMPILER_INCLUDE_ALL_APPICON_ASSETS = NO;
				CLANG_ENABLE_MODULES = YES;
				CODE_SIGN_ENTITLEMENTS = iosApp/iosApp.entitlements;
				CODE_SIGN_STYLE = Automatic;
				CURRENT_PROJECT_VERSION = 7;
				DEVELOPMENT_ASSET_PATHS = "\"iosApp/Preview Content\"";
				DEVELOPMENT_TEAM = FAZF9Z5CRW;
				ENABLE_PREVIEWS = YES;
				FRAMEWORK_SEARCH_PATHS = (
					"${inherited}",
					"$(SRCROOT)/../composeApp/build/xcode-frameworks/$(CONFIGURATION)/$(SDK_NAME)",
				);
				GENERATE_INFOPLIST_FILE = YES;
				HEADER_SEARCH_PATHS = (
					"\"/Users/ashshura/Desktop/shopotKotlin/composeApp/libs/liboqs/include\"",
					"\"/Users/ashshura/Desktop/shopotKotlin/composeApp/libs/wolfssl/include\"",
				);
				INFOPLIST_FILE = iosApp/Info.plist;
				INFOPLIST_KEY_NSCameraUsageDescription = "Приложению требуется доступ к камере для съемки фотографий.";
				INFOPLIST_KEY_NSContactsUsageDescription = "Ваше приложение использует контакты для управления контактами пользователей и предоставления персонализированного опыта.";
				INFOPLIST_KEY_NSMicrophoneUsageDescription = "Приложению требуется доступ к микрофону для записи аудио.";
				INFOPLIST_KEY_NSPhotoLibraryUsageDescription = "Мы хотим получить доступ к вашей фотогалерее";
				INFOPLIST_KEY_NSUserTrackingUsageDescription = "This identifier will be used to provide relevant notifications.";
				INFOPLIST_KEY_UILaunchScreen_Generation = YES;
				INFOPLIST_KEY_UILaunchStoryboardName = "";
				LD_RUNPATH_SEARCH_PATHS = (
					"$(inherited)",
					"@executable_path/Frameworks",
				);
				LIBRARY_SEARCH_PATHS = (
					"\"/Users/ashshura/Desktop/shopotKotlin/composeApp/libs/liboqs/libs/ios/degub\"",
					"\"/Users/ashshura/Desktop/shopotKotlin/composeApp/libs/wolfssl/libs/ios/debug\"",
				);
				MARKETING_VERSION = 1.0;
				OTHER_LDFLAGS = (
					"${inherited}",
					"-framework",
					ComposeApp,
				);
				PRODUCT_BUNDLE_IDENTIFIER = org.videotrade.shopot.iosApp;
				PRODUCT_NAME = shopot;
				SWIFT_EMIT_LOC_STRINGS = YES;
				SWIFT_OBJC_BRIDGING_HEADER = "iosApp-Bridging-Header.h";
				SWIFT_OPTIMIZATION_LEVEL = "-Onone";
				SWIFT_VERSION = 5.0;
				TARGETED_DEVICE_FAMILY = "1,2";
			};
			name = Debug;
		};
		A93A954729CC810D00F8E227 /* Release */ = {
			isa = XCBuildConfiguration;
			buildSettings = {
				ASSETCATALOG_COMPILER_APPICON_NAME = AppIcon;
				ASSETCATALOG_COMPILER_GLOBAL_ACCENT_COLOR_NAME = AccentColor;
				ASSETCATALOG_COMPILER_INCLUDE_ALL_APPICON_ASSETS = NO;
				CLANG_ENABLE_MODULES = YES;
				CODE_SIGN_ENTITLEMENTS = iosApp/iosApp.entitlements;
				CODE_SIGN_STYLE = Automatic;
				CURRENT_PROJECT_VERSION = 7;
				DEVELOPMENT_ASSET_PATHS = "\"iosApp/Preview Content\"";
				DEVELOPMENT_TEAM = FAZF9Z5CRW;
				ENABLE_PREVIEWS = YES;
				FRAMEWORK_SEARCH_PATHS = (
					"${inherited}",
					"$(SRCROOT)/../composeApp/build/xcode-frameworks/$(CONFIGURATION)/$(SDK_NAME)",
				);
				GENERATE_INFOPLIST_FILE = YES;
				HEADER_SEARCH_PATHS = (
					"\"/Users/ashshura/Desktop/shopotKotlin/composeApp/libs/wolfssl/include\"",
					"\"/Users/ashshura/Desktop/shopotKotlin/composeApp/libs/liboqs/include\"",
				);
				INFOPLIST_FILE = iosApp/Info.plist;
				INFOPLIST_KEY_NSCameraUsageDescription = "Приложению требуется доступ к камере для съемки фотографий.";
				INFOPLIST_KEY_NSContactsUsageDescription = "Ваше приложение использует контакты для управления контактами пользователей и предоставления персонализированного опыта.";
				INFOPLIST_KEY_NSMicrophoneUsageDescription = "Приложению требуется доступ к микрофону для записи аудио.";
				INFOPLIST_KEY_NSPhotoLibraryUsageDescription = "Мы хотим получить доступ к вашей фотогалерее";
				INFOPLIST_KEY_NSUserTrackingUsageDescription = "This identifier will be used to provide relevant notifications.";
				INFOPLIST_KEY_UILaunchScreen_Generation = YES;
				INFOPLIST_KEY_UILaunchStoryboardName = "";
				LD_RUNPATH_SEARCH_PATHS = (
					"$(inherited)",
					"@executable_path/Frameworks",
				);
				LIBRARY_SEARCH_PATHS = (
					"\"/Users/ashshura/Desktop/shopotKotlin/composeApp/libs/wolfssl/libs/ios/release\"",
					"\"/Users/ashshura/Desktop/shopotKotlin/composeApp/libs/liboqs/libs/ios/release\"",
				);
				MARKETING_VERSION = 1.0;
				OTHER_LDFLAGS = (
					"${inherited}",
					"-framework",
					ComposeApp,
				);
				PRODUCT_BUNDLE_IDENTIFIER = org.videotrade.shopot.iosApp;
				PRODUCT_NAME = shopot;
				SWIFT_EMIT_LOC_STRINGS = YES;
				SWIFT_OBJC_BRIDGING_HEADER = "iosApp-Bridging-Header.h";
				SWIFT_VERSION = 5.0;
				TARGETED_DEVICE_FAMILY = "1,2";
			};
			name = Release;
		};
/* End XCBuildConfiguration section */

/* Begin XCConfigurationList section */
		A93A953229CC810C00F8E227 /* Build configuration list for PBXProject "iosApp" */ = {
			isa = XCConfigurationList;
			buildConfigurations = (
				A93A954329CC810D00F8E227 /* Debug */,
				A93A954429CC810D00F8E227 /* Release */,
			);
			defaultConfigurationIsVisible = 0;
			defaultConfigurationName = Release;
		};
		A93A954529CC810D00F8E227 /* Build configuration list for PBXNativeTarget "iosApp" */ = {
			isa = XCConfigurationList;
			buildConfigurations = (
				A93A954629CC810D00F8E227 /* Debug */,
				A93A954729CC810D00F8E227 /* Release */,
			);
			defaultConfigurationIsVisible = 0;
			defaultConfigurationName = Release;
		};
/* End XCConfigurationList section */

/* Begin XCRemoteSwiftPackageReference section */
		4B25B1EB2BEE1AF800AAB866 /* XCRemoteSwiftPackageReference "Specs" */ = {
			isa = XCRemoteSwiftPackageReference;
			repositoryURL = "https://github.com/webrtc-sdk/Specs";
			requirement = {
				kind = exactVersion;
				version = 114.5735.10;
			};
		};
		4BBB6F192C14A5CF00C72863 /* XCRemoteSwiftPackageReference "firebase-ios-sdk" */ = {
			isa = XCRemoteSwiftPackageReference;
			repositoryURL = "https://github.com/firebase/firebase-ios-sdk";
			requirement = {
				kind = upToNextMajorVersion;
				minimumVersion = 10.27.0;
			};
		};
/* End XCRemoteSwiftPackageReference section */

/* Begin XCSwiftPackageProductDependency section */
		4B25B1EC2BEE1AF800AAB866 /* WebRTC */ = {
			isa = XCSwiftPackageProductDependency;
			package = 4B25B1EB2BEE1AF800AAB866 /* XCRemoteSwiftPackageReference "Specs" */;
			productName = WebRTC;
		};
		4BBB6F1C2C14A94200C72863 /* FirebaseInstallations */ = {
			isa = XCSwiftPackageProductDependency;
			package = 4BBB6F192C14A5CF00C72863 /* XCRemoteSwiftPackageReference "firebase-ios-sdk" */;
			productName = FirebaseInstallations;
		};
		4BBB6F1E2C14A94200C72863 /* FirebaseMessaging */ = {
			isa = XCSwiftPackageProductDependency;
			package = 4BBB6F192C14A5CF00C72863 /* XCRemoteSwiftPackageReference "firebase-ios-sdk" */;
			productName = FirebaseMessaging;
		};
/* End XCSwiftPackageProductDependency section */
	};
	rootObject = A93A952F29CC810C00F8E227 /* Project object */;
}
